
Microsoft Visual Studio Solution File, Format Version 12.00
# Visual Studio Version 16
VisualStudioVersion = 16.0.31507.150
MinimumVisualStudioVersion = 10.0.40219.1
Project("{FAE04EC0-301F-11D3-BF4B-00C04F79EFBC}") = "NCR", "NCR.csproj", "{714C5D0E-BCBD-42D3-A2B3-754BDD0A306C}"
EndProject
Global
	GlobalSection(SolutionConfigurationPlatforms) = preSolution
		Debug|Any CPU = Debug|Any CPU
		Release|Any CPU = Release|Any CPU
	EndGlobalSection
	GlobalSection(ProjectConfigurationPlatforms) = postSolution
		{714C5D0E-BCBD-42D3-A2B3-754BDD0A306C}.Debug|Any CPU.ActiveCfg = Debug|Any CPU
		{714C5D0E-BCBD-42D3-A2B3-754BDD0A306C}.Debug|Any CPU.Build.0 = Debug|Any CPU
		{714C5D0E-BCBD-42D3-A2B3-754BDD0A306C}.Release|Any CPU.ActiveCfg = Release|Any CPU
		{714C5D0E-BCBD-42D3-A2B3-754BDD0A306C}.Release|Any CPU.Build.0 = Release|Any CPU
	EndGlobalSection
	GlobalSection(SolutionProperties) = preSolution
		HideSolutionNode = FALSE
	EndGlobalSection
	GlobalSection(ExtensibilityGlobals) = postSolution
		SolutionGuid = {E6370DF7-5C7F-448C-A898-27B725714EFF}
	EndGlobalSection
EndGlobal
